
Microsoft Visual Studio Solution File, Format Version 12.00
# Visual Studio 15
VisualStudioVersion = 15.0.28307.572
MinimumVisualStudioVersion = 10.0.40219.1
Project("{FAE04EC0-301F-11D3-BF4B-00C04F79EFBC}") = "EEArtify", "EEArtify\EEArtify.csproj", "{A7EC6DAD-B0C7-49FA-AD19-ABD49F23A0D7}"
EndProject
Global
	GlobalSection(SolutionConfigurationPlatforms) = preSolution
		Debug|Any CPU = Debug|Any CPU
		Release|Any CPU = Release|Any CPU
	EndGlobalSection
	GlobalSection(ProjectConfigurationPlatforms) = postSolution
		{A7EC6DAD-B0C7-49FA-AD19-ABD49F23A0D7}.Debug|Any CPU.ActiveCfg = Debug|Any CPU
		{A7EC6DAD-B0C7-49FA-AD19-ABD49F23A0D7}.Debug|Any CPU.Build.0 = Debug|Any CPU
		{A7EC6DAD-B0C7-49FA-AD19-ABD49F23A0D7}.Release|Any CPU.ActiveCfg = Release|Any CPU
		{A7EC6DAD-B0C7-49FA-AD19-ABD49F23A0D7}.Release|Any CPU.Build.0 = Release|Any CPU
	EndGlobalSection
	GlobalSection(SolutionProperties) = preSolution
		HideSolutionNode = FALSE
	EndGlobalSection
	GlobalSection(ExtensibilityGlobals) = postSolution
		SolutionGuid = {23315A1C-4AEF-4178-B3A8-E6A2F5B1DC2A}
	EndGlobalSection
EndGlobal
